Microsoft Visual Studio Solution File, Format Version 12.00
# Visual Studio Version 17
VisualStudioVersion = 17.5.2.0
MinimumVisualStudioVersion = 10.0.40219.1
Project("{FAE04EC0-301F-11D3-BF4B-00C04F79EFBC}") = "teoria4", "teoria4.csproj", "{AF6657B1-1612-5851-B264-9CDC3909A341}"
EndProject
Global
	GlobalSection(SolutionConfigurationPlatforms) = preSolution
		Debug|Any CPU = Debug|Any CPU
		Release|Any CPU = Release|Any CPU
	EndGlobalSection
	GlobalSection(ProjectConfigurationPlatforms) = postSolution
		{AF6657B1-1612-5851-B264-9CDC3909A341}.Debug|Any CPU.ActiveCfg = Debug|Any CPU
		{AF6657B1-1612-5851-B264-9CDC3909A341}.Debug|Any CPU.Build.0 = Debug|Any CPU
		{AF6657B1-1612-5851-B264-9CDC3909A341}.Release|Any CPU.ActiveCfg = Release|Any CPU
		{AF6657B1-1612-5851-B264-9CDC3909A341}.Release|Any CPU.Build.0 = Release|Any CPU
	EndGlobalSection
	GlobalSection(SolutionProperties) = preSolution
		HideSolutionNode = FALSE
	EndGlobalSection
	GlobalSection(ExtensibilityGlobals) = postSolution
		SolutionGuid = {55410241-B532-43EE-BB71-17398342112A}
	EndGlobalSection
EndGlobal
